
Microsoft Visual Studio Solution File, Format Version 12.00
Project("{FAE04EC0-301F-11D3-BF4B-00C04F79EFBC}") = "JenkinsTestsProject", "JenkinsTestsProject\JenkinsTestsProject.csproj", "{B1774FEC-BEC6-4CBF-9E38-6B5A6366A288}"
EndProject
Global
	GlobalSection(SolutionConfigurationPlatforms) = preSolution
		Debug|Any CPU = Debug|Any CPU
		Release|Any CPU = Release|Any CPU
	EndGlobalSection
	GlobalSection(ProjectConfigurationPlatforms) = postSolution
		{B1774FEC-BEC6-4CBF-9E38-6B5A6366A288}.Debug|Any CPU.ActiveCfg = Debug|Any CPU
		{B1774FEC-BEC6-4CBF-9E38-6B5A6366A288}.Debug|Any CPU.Build.0 = Debug|Any CPU
		{B1774FEC-BEC6-4CBF-9E38-6B5A6366A288}.Release|Any CPU.ActiveCfg = Release|Any CPU
		{B1774FEC-BEC6-4CBF-9E38-6B5A6366A288}.Release|Any CPU.Build.0 = Release|Any CPU
	EndGlobalSection
EndGlobal
